
Microsoft Visual Studio Solution File, Format Version 12.00
# Visual Studio Version 17
VisualStudioVersion = 17.8.34330.188
MinimumVisualStudioVersion = 10.0.40219.1
Project("{FAE04EC0-301F-11D3-BF4B-00C04F79EFBC}") = "CRUD_API", "CRUD_API\CRUD_API.csproj", "{8122C9FD-1A1C-46EA-9906-9481E4C8AF56}"
EndProject
Global
	GlobalSection(SolutionConfigurationPlatforms) = preSolution
		Debug|Any CPU = Debug|Any CPU
		Release|Any CPU = Release|Any CPU
	EndGlobalSection
	GlobalSection(ProjectConfigurationPlatforms) = postSolution
		{8122C9FD-1A1C-46EA-9906-9481E4C8AF56}.Debug|Any CPU.ActiveCfg = Debug|Any CPU
		{8122C9FD-1A1C-46EA-9906-9481E4C8AF56}.Debug|Any CPU.Build.0 = Debug|Any CPU
		{8122C9FD-1A1C-46EA-9906-9481E4C8AF56}.Release|Any CPU.ActiveCfg = Release|Any CPU
		{8122C9FD-1A1C-46EA-9906-9481E4C8AF56}.Release|Any CPU.Build.0 = Release|Any CPU
	EndGlobalSection
	GlobalSection(SolutionProperties) = preSolution
		HideSolutionNode = FALSE
	EndGlobalSection
	GlobalSection(ExtensibilityGlobals) = postSolution
		SolutionGuid = {15D514D8-73A1-4A5F-BFEE-4B8D9F3A0FBF}
	EndGlobalSection
EndGlobal
